<?xml version="1.0" encoding="utf-8"?>
<Project ToolsVersion="4.0" xmlns="http://schemas.microsoft.com/developer/msbuild/2003">
  <ItemGroup>
    <Filter Include="Source Files">
      <UniqueIdentifier>{d9d9bece-0614-4443-a80b-cf4b11e00ad3}</UniqueIdentifier>
      <Extensions>cpp;c;cxx;rc;def;r;odl;idl;hpj;bat</Extensions>
    </Filter>
    <Filter Include="Header Files">
      <UniqueIdentifier>{3a74e6d6-5900-4dcf-a5e9-3f9a4b0ea50c}</UniqueIdentifier>
      <Extensions>h;hpp;hxx;hm;inl</Extensions>
    </Filter>
    <Filter Include="Resource Files">
      <UniqueIdentifier>{0c3efbec-9348-4db8-8abc-0a164fd88ac3}</UniqueIdentifier>
      <Extensions>ico;cur;bmp;dlg;rc2;rct;bin;rgs;gif;jpg;jpeg;jpe</Extensions>
    </Filter>
  </ItemGroup>
  <ItemGroup>
    <ClCompile Include="bitmaptool.cpp">
      <Filter>Source Files</Filter>
    </ClCompile>
    <ClCompile Include="filereport.cpp">
      <Filter>Source Files</Filter>
    </ClCompile>
    <ClCompile Include="gamemap.cpp">
      <Filter>Source Files</Filter>
    </ClCompile>
    <ClCompile Include="StdAfx.cpp">
      <Filter>Source Files</Filter>
    </ClCompile>
    <ClCompile Include="texttool.cpp">
      <Filter>Source Files</Filter>
    </ClCompile>
    <ClCompile Include="supermario.cpp">
      <Filter>Source Files</Filter>
    </ClCompile>
  </ItemGroup>
  <ItemGroup>
    <ClInclude Include="bitmaptool.h">
      <Filter>Header Files</Filter>
    </ClInclude>
    <ClInclude Include="filereport.h">
      <Filter>Header Files</Filter>
    </ClInclude>
    <ClInclude Include="gamemap.h">
      <Filter>Header Files</Filter>
    </ClInclude>
    <ClInclude Include="myclock.h">
      <Filter>Header Files</Filter>
    </ClInclude>
    <ClInclude Include="resource.h">
      <Filter>Header Files</Filter>
    </ClInclude>
    <ClInclude Include="StdAfx.h">
      <Filter>Header Files</Filter>
    </ClInclude>
    <ClInclude Include="texttool.h">
      <Filter>Header Files</Filter>
    </ClInclude>
    <ClInclude Include="supermario.h">
      <Filter>Header Files</Filter>
    </ClInclude>
    <ClInclude Include="utility.h">
      <Filter>Header Files</Filter>
    </ClInclude>
  </ItemGroup>
  <ItemGroup>
    <Image Include="pic\ani.bmp">
      <Filter>Resource Files</Filter>
    </Image>
    <Image Include="pic\animagic.bmp">
      <Filter>Resource Files</Filter>
    </Image>
    <Image Include="pic\map.bmp">
      <Filter>Resource Files</Filter>
    </Image>
    <Image Include="pic\mapbk.bmp">
      <Filter>Resource Files</Filter>
    </Image>
    <Image Include="pic\mapsky.bmp">
      <Filter>Resource Files</Filter>
    </Image>
    <Image Include="mario01.ico">
      <Filter>Resource Files</Filter>
    </Image>
    <Image Include="pic\pre1.bmp">
      <Filter>Resource Files</Filter>
    </Image>
    <Image Include="pic\role.bmp">
      <Filter>Resource Files</Filter>
    </Image>
    <Image Include="small.ico">
      <Filter>Resource Files</Filter>
    </Image>
    <Image Include="supermario.ico">
      <Filter>Resource Files</Filter>
    </Image>
  </ItemGroup>
  <ItemGroup>
    <Text Include="ReadMe.txt" />
  </ItemGroup>
  <ItemGroup>
    <ResourceCompile Include="supermario.rc">
      <Filter>Source Files</Filter>
    </ResourceCompile>
  </ItemGroup>
  <ItemGroup>
    <None Include="..\README.md" />
  </ItemGroup>
</Project>